
Microsoft Visual Studio Solution File, Format Version 12.00
# Visual Studio Version 17
VisualStudioVersion = 17.7.34031.279
MinimumVisualStudioVersion = 10.0.40219.1
Project("{FAE04EC0-301F-11D3-BF4B-00C04F79EFBC}") = "Menu", "Menu\Menu.csproj", "{2CED07B1-729A-44AF-B447-43BF7ACA44B0}"
EndProject
Project("{FAE04EC0-301F-11D3-BF4B-00C04F79EFBC}") = "Tic_tac_toe", "Tic_tac_toe\Tic_tac_toe.csproj", "{B77F7763-36E2-4C21-8EFE-65923A91DFFA}"
EndProject
Project("{FAE04EC0-301F-11D3-BF4B-00C04F79EFBC}") = "Tanks", "Tanks\Tanks.csproj", "{BC0FD25F-9EFE-42B8-ABCE-B3ED64367CDC}"
EndProject
Project("{FAE04EC0-301F-11D3-BF4B-00C04F79EFBC}") = "Flappy_bird", "Flappy_bird\Flappy_bird.csproj", "{68934E15-911C-4B18-B131-7D4248C451E9}"
EndProject
Project("{FAE04EC0-301F-11D3-BF4B-00C04F79EFBC}") = "Snake", "Snake\Snake.csproj", "{3B1BAFCD-613A-44EC-831A-3DA75B97534F}"
EndProject
Global
	GlobalSection(SolutionConfigurationPlatforms) = preSolution
		Debug|Any CPU = Debug|Any CPU
		Release|Any CPU = Release|Any CPU
	EndGlobalSection
	GlobalSection(ProjectConfigurationPlatforms) = postSolution
		{2CED07B1-729A-44AF-B447-43BF7ACA44B0}.Debug|Any CPU.ActiveCfg = Debug|Any CPU
		{2CED07B1-729A-44AF-B447-43BF7ACA44B0}.Debug|Any CPU.Build.0 = Debug|Any CPU
		{2CED07B1-729A-44AF-B447-43BF7ACA44B0}.Release|Any CPU.ActiveCfg = Release|Any CPU
		{2CED07B1-729A-44AF-B447-43BF7ACA44B0}.Release|Any CPU.Build.0 = Release|Any CPU
		{B77F7763-36E2-4C21-8EFE-65923A91DFFA}.Debug|Any CPU.ActiveCfg = Debug|Any CPU
		{B77F7763-36E2-4C21-8EFE-65923A91DFFA}.Debug|Any CPU.Build.0 = Debug|Any CPU
		{B77F7763-36E2-4C21-8EFE-65923A91DFFA}.Release|Any CPU.ActiveCfg = Release|Any CPU
		{B77F7763-36E2-4C21-8EFE-65923A91DFFA}.Release|Any CPU.Build.0 = Release|Any CPU
		{BC0FD25F-9EFE-42B8-ABCE-B3ED64367CDC}.Debug|Any CPU.ActiveCfg = Debug|Any CPU
		{BC0FD25F-9EFE-42B8-ABCE-B3ED64367CDC}.Debug|Any CPU.Build.0 = Debug|Any CPU
		{BC0FD25F-9EFE-42B8-ABCE-B3ED64367CDC}.Release|Any CPU.ActiveCfg = Release|Any CPU
		{BC0FD25F-9EFE-42B8-ABCE-B3ED64367CDC}.Release|Any CPU.Build.0 = Release|Any CPU
		{68934E15-911C-4B18-B131-7D4248C451E9}.Debug|Any CPU.ActiveCfg = Debug|Any CPU
		{68934E15-911C-4B18-B131-7D4248C451E9}.Debug|Any CPU.Build.0 = Debug|Any CPU
		{68934E15-911C-4B18-B131-7D4248C451E9}.Release|Any CPU.ActiveCfg = Release|Any CPU
		{68934E15-911C-4B18-B131-7D4248C451E9}.Release|Any CPU.Build.0 = Release|Any CPU
		{3B1BAFCD-613A-44EC-831A-3DA75B97534F}.Debug|Any CPU.ActiveCfg = Debug|Any CPU
		{3B1BAFCD-613A-44EC-831A-3DA75B97534F}.Debug|Any CPU.Build.0 = Debug|Any CPU
		{3B1BAFCD-613A-44EC-831A-3DA75B97534F}.Release|Any CPU.ActiveCfg = Release|Any CPU
		{3B1BAFCD-613A-44EC-831A-3DA75B97534F}.Release|Any CPU.Build.0 = Release|Any CPU
	EndGlobalSection
	GlobalSection(SolutionProperties) = preSolution
		HideSolutionNode = FALSE
	EndGlobalSection
	GlobalSection(ExtensibilityGlobals) = postSolution
		SolutionGuid = {E236CE4B-97A3-4B16-A822-00F2EEF072D2}
	EndGlobalSection
EndGlobal
